
Microsoft Visual Studio Solution File, Format Version 12.00
# Visual Studio 15
VisualStudioVersion = 15.0.28307.489
MinimumVisualStudioVersion = 10.0.40219.1
Project("{FAE04EC0-301F-11D3-BF4B-00C04F79EFBC}") = "DiscordBotAttempt", "DiscordBotAttempt\DiscordBotAttempt.csproj", "{07EB5888-A067-47F7-A1E2-876604AAA731}"
EndProject
Global
	GlobalSection(SolutionConfigurationPlatforms) = preSolution
		Debug|Any CPU = Debug|Any CPU
		Release|Any CPU = Release|Any CPU
	EndGlobalSection
	GlobalSection(ProjectConfigurationPlatforms) = postSolution
		{07EB5888-A067-47F7-A1E2-876604AAA731}.Debug|Any CPU.ActiveCfg = Debug|Any CPU
		{07EB5888-A067-47F7-A1E2-876604AAA731}.Debug|Any CPU.Build.0 = Debug|Any CPU
		{07EB5888-A067-47F7-A1E2-876604AAA731}.Release|Any CPU.ActiveCfg = Release|Any CPU
		{07EB5888-A067-47F7-A1E2-876604AAA731}.Release|Any CPU.Build.0 = Release|Any CPU
	EndGlobalSection
	GlobalSection(SolutionProperties) = preSolution
		HideSolutionNode = FALSE
	EndGlobalSection
	GlobalSection(ExtensibilityGlobals) = postSolution
		SolutionGuid = {7BA41859-C040-4963-920C-A3B1C7D5C297}
	EndGlobalSection
EndGlobal
